
Microsoft Visual Studio Solution File, Format Version 12.00
# 
Project("{FAE04EC0-301F-11D3-BF4B-00C04F79EFBC}") = "gateway", "gateway\gateway.csproj", "{86041DED-DBCE-4ED7-B9A3-83FAC2D4129A}"
EndProject
Project("{FAE04EC0-301F-11D3-BF4B-00C04F79EFBC}") = "RpcClient", "RpcClient\RpcClient.csproj", "{32B69645-A34D-450A-A1BF-59C034A46435}"
EndProject
Project("{FAE04EC0-301F-11D3-BF4B-00C04F79EFBC}") = "Model", "Model\Model.csproj", "{77E867F2-C5E4-4697-A09F-D7A0757138DD}"
EndProject
Project("{FAE04EC0-301F-11D3-BF4B-00C04F79EFBC}") = "Authentication", "..\authentication_provider\Authentication\Authentication.csproj", "{B31B7F8C-2B09-424A-8314-EA06D1C3BEA9}"
EndProject
Project("{FAE04EC0-301F-11D3-BF4B-00C04F79EFBC}") = "c_proto", "..\c_proto\c_proto\c_proto.csproj", "{4F6DC6D4-E178-4A0C-9AA8-C5BC934F3197}"
EndProject
Global
	GlobalSection(SolutionConfigurationPlatforms) = preSolution
		Debug|Any CPU = Debug|Any CPU
		Release|Any CPU = Release|Any CPU
	EndGlobalSection
	GlobalSection(ProjectConfigurationPlatforms) = postSolution
		{86041DED-DBCE-4ED7-B9A3-83FAC2D4129A}.Debug|Any CPU.ActiveCfg = Debug|Any CPU
		{86041DED-DBCE-4ED7-B9A3-83FAC2D4129A}.Debug|Any CPU.Build.0 = Debug|Any CPU
		{86041DED-DBCE-4ED7-B9A3-83FAC2D4129A}.Release|Any CPU.ActiveCfg = Release|Any CPU
		{86041DED-DBCE-4ED7-B9A3-83FAC2D4129A}.Release|Any CPU.Build.0 = Release|Any CPU
		{32B69645-A34D-450A-A1BF-59C034A46435}.Debug|Any CPU.ActiveCfg = Debug|Any CPU
		{32B69645-A34D-450A-A1BF-59C034A46435}.Debug|Any CPU.Build.0 = Debug|Any CPU
		{32B69645-A34D-450A-A1BF-59C034A46435}.Release|Any CPU.ActiveCfg = Release|Any CPU
		{32B69645-A34D-450A-A1BF-59C034A46435}.Release|Any CPU.Build.0 = Release|Any CPU
		{77E867F2-C5E4-4697-A09F-D7A0757138DD}.Debug|Any CPU.ActiveCfg = Debug|Any CPU
		{77E867F2-C5E4-4697-A09F-D7A0757138DD}.Debug|Any CPU.Build.0 = Debug|Any CPU
		{77E867F2-C5E4-4697-A09F-D7A0757138DD}.Release|Any CPU.ActiveCfg = Release|Any CPU
		{77E867F2-C5E4-4697-A09F-D7A0757138DD}.Release|Any CPU.Build.0 = Release|Any CPU
		{B31B7F8C-2B09-424A-8314-EA06D1C3BEA9}.Debug|Any CPU.ActiveCfg = Debug|Any CPU
		{B31B7F8C-2B09-424A-8314-EA06D1C3BEA9}.Debug|Any CPU.Build.0 = Debug|Any CPU
		{B31B7F8C-2B09-424A-8314-EA06D1C3BEA9}.Release|Any CPU.ActiveCfg = Release|Any CPU
		{B31B7F8C-2B09-424A-8314-EA06D1C3BEA9}.Release|Any CPU.Build.0 = Release|Any CPU
		{4F6DC6D4-E178-4A0C-9AA8-C5BC934F3197}.Debug|Any CPU.ActiveCfg = Debug|Any CPU
		{4F6DC6D4-E178-4A0C-9AA8-C5BC934F3197}.Debug|Any CPU.Build.0 = Debug|Any CPU
		{4F6DC6D4-E178-4A0C-9AA8-C5BC934F3197}.Release|Any CPU.ActiveCfg = Release|Any CPU
		{4F6DC6D4-E178-4A0C-9AA8-C5BC934F3197}.Release|Any CPU.Build.0 = Release|Any CPU
	EndGlobalSection
EndGlobal
